// !$*UTF8*$!
{
	archiveVersion = 1;
	classes = {
	};
	objectVersion = 50;
	objects = {

/* Begin PBXBuildFile section */
		3F6B4B7720E390E1009BA365 /* Снимок экрана 2018-06-27 в 12.30.50.png in Resources */ = {isa = PBXBuildFile; fileRef = 3F6B4B7620E390E1009BA365 /* Снимок экрана 2018-06-27 в 12.30.50.png */; };
		3FB26D5420E382760041C048 /* AppDelegate.swift in Sources */ = {isa = PBXBuildFile; fileRef = 3FB26D5320E382760041C048 /* AppDelegate.swift */; };
		3FB26D5620E382760041C048 /* ViewController.swift in Sources */ = {isa = PBXBuildFile; fileRef = 3FB26D5520E382760041C048 /* ViewController.swift */; };
		3FB26D5920E382760041C048 /* Main.storyboard in Resources */ = {isa = PBXBuildFile; fileRef = 3FB26D5720E382760041C048 /* Main.storyboard */; };
		3FB26D5B20E3827A0041C048 /* Assets.xcassets in Resources */ = {isa = PBXBuildFile; fileRef = 3FB26D5A20E3827A0041C048 /* Assets.xcassets */; };
		3FB26D5E20E3827A0041C048 /* LaunchScreen.storyboard in Resources */ = {isa = PBXBuildFile; fileRef = 3FB26D5C20E3827A0041C048 /* LaunchScreen.storyboard */; };
/* End PBXBuildFile section */

/* Begin PBXFileReference section */
		3F6B4B7620E390E1009BA365 /* Снимок экрана 2018-06-27 в 12.30.50.png */ = {isa = PBXFileReference; lastKnownFileType = image.png; path = "Снимок экрана 2018-06-27 в 12.30.50.png"; sourceTree = "<group>"; };
		3FB26D5020E382760041C048 /* BG.app */ = {isa = PBXFileReference; explicitFileType = wrapper.application; includeInIndex = 0; path = BG.app; sourceTree = BUILT_PRODUCTS_DIR; };
		3FB26D5320E382760041C048 /* AppDelegate.swift */ = {isa = PBXFileReference; lastKnownFileType = sourcecode.swift; path = AppDelegate.swift; sourceTree = "<group>"; };
		3FB26D5520E382760041C048 /* ViewController.swift */ = {isa = PBXFileReference; lastKnownFileType = sourcecode.swift; path = ViewController.swift; sourceTree = "<group>"; };
		3FB26D5820E382760041C048 /* Base */ = {isa = PBXFileReference; lastKnownFileType = file.storyboard; name = Base; path = Base.lproj/Main.storyboard; sourceTree = "<group>"; };
		3FB26D5A20E3827A0041C048 /* Assets.xcassets */ = {isa = PBXFileReference; lastKnownFileType = folder.assetcatalog; path = Assets.xcassets; sourceTree = "<group>"; };
		3FB26D5D20E3827A0041C048 /* Base */ = {isa = PBXFileReference; lastKnownFileType = file.storyboard; name = Base; path = Base.lproj/LaunchScreen.storyboard; sourceTree = "<group>"; };
		3FB26D5F20E3827A0041C048 /* Info.plist */ = {isa = PBXFileReference; lastKnownFileType = text.plist.xml; path = Info.plist; sourceTree = "<group>"; };
/* End PBXFileReference section */

/* Begin PBXFrameworksBuildPhase section */
		3FB26D4D20E382760041C048 /* Frameworks */ = {
			isa = PBXFrameworksBuildPhase;
			buildActionMask = 2147483647;
			files = (
			);
			runOnlyForDeploymentPostprocessing = 0;
		};
/* End PBXFrameworksBuildPhase section */

/* Begin PBXGroup section */
		3F6B4B7120E38E57009BA365 /* Images */ = {
			isa = PBXGroup;
			children = (
				3F6B4B7620E390E1009BA365 /* Снимок экрана 2018-06-27 в 12.30.50.png */,
			);
			path = Images;
			sourceTree = "<group>";
		};
		3FB26D4720E382760041C048 = {
			isa = PBXGroup;
			children = (
				3FB26D5220E382760041C048 /* BG */,
				3FB26D5120E382760041C048 /* Products */,
				3F6B4B7120E38E57009BA365 /* Images */,
			);
			sourceTree = "<group>";
		};
		3FB26D5120E382760041C048 /* Products */ = {
			isa = PBXGroup;
			children = (
				3FB26D5020E382760041C048 /* BG.app */,
			);
			name = Products;
			sourceTree = "<group>";
		};
		3FB26D5220E382760041C048 /* BG */ = {
			isa = PBXGroup;
			children = (
				3FB26D5320E382760041C048 /* AppDelegate.swift */,
				3FB26D5520E382760041C048 /* ViewController.swift */,
				3FB26D5720E382760041C048 /* Main.storyboard */,
				3FB26D5A20E3827A0041C048 /* Assets.xcassets */,
				3FB26D5C20E3827A0041C048 /* LaunchScreen.storyboard */,
				3FB26D5F20E3827A0041C048 /* Info.plist */,
			);
			path = BG;
			sourceTree = "<group>";
		};
/* End PBXGroup section */

/* Begin PBXNativeTarget section */
		3FB26D4F20E382760041C048 /* BG */ = {
			isa = PBXNativeTarget;
			buildConfigurationList = 3FB26D6220E3827A0041C048 /* Build configuration list for PBXNativeTarget "BG" */;
			buildPhases = (
				3FB26D4C20E382760041C048 /* Sources */,
				3FB26D4D20E382760041C048 /* Frameworks */,
				3FB26D4E20E382760041C048 /* Resources */,
			);
			buildRules = (
			);
			dependencies = (
			);
			name = BG;
			productName = BG;
			productReference = 3FB26D5020E382760041C048 /* BG.app */;
			productType = "com.apple.product-type.application";
		};
/* End PBXNativeTarget section */

/* Begin PBXProject section */
		3FB26D4820E382760041C048 /* Project object */ = {
			isa = PBXProject;
			attributes = {
				LastSwiftUpdateCheck = 0940;
				LastUpgradeCheck = 0940;
				ORGANIZATIONNAME = ThEnd;
				TargetAttributes = {
					3FB26D4F20E382760041C048 = {
						CreatedOnToolsVersion = 9.4.1;
					};
				};
			};
			buildConfigurationList = 3FB26D4B20E382760041C048 /* Build configuration list for PBXProject "BG" */;
			compatibilityVersion = "Xcode 9.3";
			developmentRegion = en;
			hasScannedForEncodings = 0;
			knownRegions = (
				en,
				Base,
			);
			mainGroup = 3FB26D4720E382760041C048;
			productRefGroup = 3FB26D5120E382760041C048 /* Products */;
			projectDirPath = "";
			projectRoot = "";
			targets = (
				3FB26D4F20E382760041C048 /* BG */,
			);
		};
/* End PBXProject section */

/* Begin PBXResourcesBuildPhase section */
		3FB26D4E20E382760041C048 /* Resources */ = {
			isa = PBXResourcesBuildPhase;
			buildActionMask = 2147483647;
			files = (
				3FB26D5E20E3827A0041C048 /* LaunchScreen.storyboard in Resources */,
				3F6B4B7720E390E1009BA365 /* Снимок экрана 2018-06-27 в 12.30.50.png in Resources */,
				3FB26D5B20E3827A0041C048 /* Assets.xcassets in Resources */,
				3FB26D5920E382760041C048 /* Main.storyboard in Resources */,
			);
			runOnlyForDeploymentPostprocessing = 0;
		};
/* End PBXResourcesBuildPhase section */

/* Begin PBXSourcesBuildPhase section */
		3FB26D4C20E382760041C048 /* Sources */ = {
			isa = PBXSourcesBuildPhase;
			buildActionMask = 2147483647;
			files = (
				3FB26D5620E382760041C048 /* ViewController.swift in Sources */,
				3FB26D5420E382760041C048 /* AppDelegate.swift in Sources */,
			);
			runOnlyForDeploymentPostprocessing = 0;
		};
/* End PBXSourcesBuildPhase section */

/* Begin PBXVariantGroup section */
		3FB26D5720E382760041C048 /* Main.storyboard */ = {
			isa = PBXVariantGroup;
			children = (
				3FB26D5820E382760041C048 /* Base */,
			);
			name = Main.storyboard;
			sourceTree = "<group>";
		};
		3FB26D5C20E3827A0041C048 /* LaunchScreen.storyboard */ = {
			isa = PBXVariantGroup;
			children = (
				3FB26D5D20E3827A0041C048 /* Base */,
			);
			name = LaunchScreen.storyboard;
			sourceTree = "<group>";
		};
/* End PBXVariantGroup section */

/* Begin XCBuildConfiguration section */
		3FB26D6020E3827A0041C048 /* Debug */ = {
			isa = XCBuildConfiguration;
			buildSettings = {
				ALWAYS_SEARCH_USER_PATHS = NO;
				CLANG_ANALYZER_NONNULL = YES;
				CLANG_ANALYZER_NUMBER_OBJECT_CONVERSION = YES_AGGRESSIVE;
				CLANG_CXX_LANGUAGE_STANDARD = "gnu++14";
				CLANG_CXX_LIBRARY = "libc++";
				CLANG_ENABLE_MODULES = YES;
				CLANG_ENABLE_OBJC_ARC = YES;
				CLANG_ENABLE_OBJC_WEAK = YES;
				CLANG_WARN_BLOCK_CAPTURE_AUTORELEASING = YES;
				CLANG_WARN_BOOL_CONVERSION = YES;
				CLANG_WARN_COMMA = YES;
				CLANG_WARN_CONSTANT_CONVERSION = YES;
				CLANG_WARN_DEPRECATED_OBJC_IMPLEMENTATIONS = YES;
				CLANG_WARN_DIRECT_OBJC_ISA_USAGE = YES_ERROR;
				CLANG_WARN_DOCUMENTATION_COMMENTS = YES;
				CLANG_WARN_EMPTY_BODY = YES;
				CLANG_WARN_ENUM_CONVERSION = YES;
				CLANG_WARN_INFINITE_RECURSION = YES;
				CLANG_WARN_INT_CONVERSION = YES;
				CLANG_WARN_NON_LITERAL_NULL_CONVERSION = YES;
				CLANG_WARN_OBJC_IMPLICIT_RETAIN_SELF = YES;
				CLANG_WARN_OBJC_LITERAL_CONVERSION = YES;
				CLANG_WARN_OBJC_ROOT_CLASS = YES_ERROR;
				CLANG_WARN_RANGE_LOOP_ANALYSIS = YES;
				CLANG_WARN_STRICT_PROTOTYPES = YES;
				CLANG_WARN_SUSPICIOUS_MOVE = YES;
				CLANG_WARN_UNGUARDED_AVAILABILITY = YES_AGGRESSIVE;
				CLANG_WARN_UNREACHABLE_CODE = YES;
				CLANG_WARN__DUPLICATE_METHOD_MATCH = YES;
				CODE_SIGN_IDENTITY = "iPhone Developer";
				COPY_PHASE_STRIP = NO;
				DEBUG_INFORMATION_FORMAT = dwarf;
				ENABLE_STRICT_OBJC_MSGSEND = YES;
				ENABLE_TESTABILITY = YES;
				GCC_C_LANGUAGE_STANDARD = gnu11;
				GCC_DYNAMIC_NO_PIC = NO;
				GCC_NO_COMMON_BLOCKS = YES;
				GCC_OPTIMIZATION_LEVEL = 0;
				GCC_PREPROCESSOR_DEFINITIONS = (
					"DEBUG=1",
					"$(inherited)",
				);
				GCC_WARN_64_TO_32_BIT_CONVERSION = YES;
				GCC_WARN_ABOUT_RETURN_TYPE = YES_ERROR;
				GCC_WARN_UNDECLARED_SELECTOR = YES;
				GCC_WARN_UNINITIALIZED_AUTOS = YES_AGGRESSIVE;
				GCC_WARN_UNUSED_FUNCTION = YES;
				GCC_WARN_UNUSED_VARIABLE = YES;
				IPHONEOS_DEPLOYMENT_TARGET = 11.4;
				MTL_ENABLE_DEBUG_INFO = YES;
				ONLY_ACTIVE_ARCH = YES;
				SDKROOT = iphoneos;
				SWIFT_ACTIVE_COMPILATION_CONDITIONS = DEBUG;
				SWIFT_OPTIMIZATION_LEVEL = "-Onone";
			};
			name = Debug;
		};
		3FB26D6120E3827A0041C048 /* Release */ = {
			isa = XCBuildConfiguration;
			buildSettings = {
				ALWAYS_SEARCH_USER_PATHS = NO;
				CLANG_ANALYZER_NONNULL = YES;
				CLANG_ANALYZER_NUMBER_OBJECT_CONVERSION = YES_AGGRESSIVE;
				CLANG_CXX_LANGUAGE_STANDARD = "gnu++14";
				CLANG_CXX_LIBRARY = "libc++";
				CLANG_ENABLE_MODULES = YES;
				CLANG_ENABLE_OBJC_ARC = YES;
				CLANG_ENABLE_OBJC_WEAK = YES;
				CLANG_WARN_BLOCK_CAPTURE_AUTORELEASING = YES;
				CLANG_WARN_BOOL_CONVERSION = YES;
				CLANG_WARN_COMMA = YES;
				CLANG_WARN_CONSTANT_CONVERSION = YES;
				CLANG_WARN_DEPRECATED_OBJC_IMPLEMENTATIONS = YES;
				CLANG_WARN_DIRECT_OBJC_ISA_USAGE = YES_ERROR;
				CLANG_WARN_DOCUMENTATION_COMMENTS = YES;
				CLANG_WARN_EMPTY_BODY = YES;
				CLANG_WARN_ENUM_CONVERSION = YES;
				CLANG_WARN_INFINITE_RECURSION = YES;
				CLANG_WARN_INT_CONVERSION = YES;
				CLANG_WARN_NON_LITERAL_NULL_CONVERSION = YES;
				CLANG_WARN_OBJC_IMPLICIT_RETAIN_SELF = YES;
				CLANG_WARN_OBJC_LITERAL_CONVERSION = YES;
				CLANG_WARN_OBJC_ROOT_CLASS = YES_ERROR;
				CLANG_WARN_RANGE_LOOP_ANALYSIS = YES;
				CLANG_WARN_STRICT_PROTOTYPES = YES;
				CLANG_WARN_SUSPICIOUS_MOVE = YES;
				CLANG_WARN_UNGUARDED_AVAILABILITY = YES_AGGRESSIVE;
				CLANG_WARN_UNREACHABLE_CODE = YES;
				CLANG_WARN__DUPLICATE_METHOD_MATCH = YES;
				CODE_SIGN_IDENTITY = "iPhone Developer";
				COPY_PHASE_STRIP = NO;
				DEBUG_INFORMATION_FORMAT = "dwarf-with-dsym";
				ENABLE_NS_ASSERTIONS = NO;
				ENABLE_STRICT_OBJC_MSGSEND = YES;
				GCC_C_LANGUAGE_STANDARD = gnu11;
				GCC_NO_COMMON_BLOCKS = YES;
				GCC_WARN_64_TO_32_BIT_CONVERSION = YES;
				GCC_WARN_ABOUT_RETURN_TYPE = YES_ERROR;
				GCC_WARN_UNDECLARED_SELECTOR = YES;
				GCC_WARN_UNINITIALIZED_AUTOS = YES_AGGRESSIVE;
				GCC_WARN_UNUSED_FUNCTION = YES;
				GCC_WARN_UNUSED_VARIABLE = YES;
				IPHONEOS_DEPLOYMENT_TARGET = 11.4;
				MTL_ENABLE_DEBUG_INFO = NO;
				SDKROOT = iphoneos;
				SWIFT_COMPILATION_MODE = wholemodule;
				SWIFT_OPTIMIZATION_LEVEL = "-O";
				VALIDATE_PRODUCT = YES;
			};
			name = Release;
		};
		3FB26D6320E3827A0041C048 /* Debug */ = {
			isa = XCBuildConfiguration;
			buildSettings = {
				ASSETCATALOG_COMPILER_APPICON_NAME = AppIcon;
				CODE_SIGN_STYLE = Automatic;
				INFOPLIST_FILE = BG/Info.plist;
				LD_RUNPATH_SEARCH_PATHS = (
					"$(inherited)",
					"@executable_path/Frameworks",
				);
				PRODUCT_BUNDLE_IDENTIFIER = com.callange.BG;
				PRODUCT_NAME = "$(TARGET_NAME)";
				SWIFT_VERSION = 4.0;
				TARGETED_DEVICE_FAMILY = "1,2";
			};
			name = Debug;
		};
		3FB26D6420E3827A0041C048 /* Release */ = {
			isa = XCBuildConfiguration;
			buildSettings = {
				ASSETCATALOG_COMPILER_APPICON_NAME = AppIcon;
				CODE_SIGN_STYLE = Automatic;
				INFOPLIST_FILE = BG/Info.plist;
				LD_RUNPATH_SEARCH_PATHS = (
					"$(inherited)",
					"@executable_path/Frameworks",
				);
				PRODUCT_BUNDLE_IDENTIFIER = com.callange.BG;
				PRODUCT_NAME = "$(TARGET_NAME)";
				SWIFT_VERSION = 4.0;
				TARGETED_DEVICE_FAMILY = "1,2";
			};
			name = Release;
		};
/* End XCBuildConfiguration section */

/* Begin XCConfigurationList section */
		3FB26D4B20E382760041C048 /* Build configuration list for PBXProject "BG" */ = {
			isa = XCConfigurationList;
			buildConfigurations = (
				3FB26D6020E3827A0041C048 /* Debug */,
				3FB26D6120E3827A0041C048 /* Release */,
			);
			defaultConfigurationIsVisible = 0;
			defaultConfigurationName = Release;
		};
		3FB26D6220E3827A0041C048 /* Build configuration list for PBXNativeTarget "BG" */ = {
			isa = XCConfigurationList;
			buildConfigurations = (
				3FB26D6320E3827A0041C048 /* Debug */,
				3FB26D6420E3827A0041C048 /* Release */,
			);
			defaultConfigurationIsVisible = 0;
			defaultConfigurationName = Release;
		};
/* End XCConfigurationList section */
	};
	rootObject = 3FB26D4820E382760041C048 /* Project object */;
}
